
Microsoft Visual Studio Solution File, Format Version 12.00
# Visual Studio Version 17
VisualStudioVersion = 17.9.34701.34
MinimumVisualStudioVersion = 10.0.40219.1
Project("{FAE04EC0-301F-11D3-BF4B-00C04F79EFBC}") = "Chess", "Chess\Chess.csproj", "{0056A033-071B-4C42-86F2-2AA51CEC4494}"
EndProject
Global
	GlobalSection(SolutionConfigurationPlatforms) = preSolution
		Debug|Any CPU = Debug|Any CPU
		Release|Any CPU = Release|Any CPU
	EndGlobalSection
	GlobalSection(ProjectConfigurationPlatforms) = postSolution
		{0056A033-071B-4C42-86F2-2AA51CEC4494}.Debug|Any CPU.ActiveCfg = Debug|Any CPU
		{0056A033-071B-4C42-86F2-2AA51CEC4494}.Debug|Any CPU.Build.0 = Debug|Any CPU
		{0056A033-071B-4C42-86F2-2AA51CEC4494}.Release|Any CPU.ActiveCfg = Release|Any CPU
		{0056A033-071B-4C42-86F2-2AA51CEC4494}.Release|Any CPU.Build.0 = Release|Any CPU
	EndGlobalSection
	GlobalSection(SolutionProperties) = preSolution
		HideSolutionNode = FALSE
	EndGlobalSection
	GlobalSection(ExtensibilityGlobals) = postSolution
		SolutionGuid = {332922C5-4666-402D-827C-C0AA5AFF94B2}
	EndGlobalSection
EndGlobal
